
Microsoft Visual Studio Solution File, Format Version 12.00
# Visual Studio Version 17
VisualStudioVersion = 17.3.32922.545
MinimumVisualStudioVersion = 10.0.40219.1
Project("{FAE04EC0-301F-11D3-BF4B-00C04F79EFBC}") = "Actividad7", "Actividad7\Actividad7.csproj", "{29117CB7-0858-468A-A4AE-75A5742C36E1}"
EndProject
Global
	GlobalSection(SolutionConfigurationPlatforms) = preSolution
		Debug|Any CPU = Debug|Any CPU
		Release|Any CPU = Release|Any CPU
	EndGlobalSection
	GlobalSection(ProjectConfigurationPlatforms) = postSolution
		{29117CB7-0858-468A-A4AE-75A5742C36E1}.Debug|Any CPU.ActiveCfg = Debug|Any CPU
		{29117CB7-0858-468A-A4AE-75A5742C36E1}.Debug|Any CPU.Build.0 = Debug|Any CPU
		{29117CB7-0858-468A-A4AE-75A5742C36E1}.Release|Any CPU.ActiveCfg = Release|Any CPU
		{29117CB7-0858-468A-A4AE-75A5742C36E1}.Release|Any CPU.Build.0 = Release|Any CPU
	EndGlobalSection
	GlobalSection(SolutionProperties) = preSolution
		HideSolutionNode = FALSE
	EndGlobalSection
	GlobalSection(ExtensibilityGlobals) = postSolution
		SolutionGuid = {46AC5158-1608-4A66-9B4B-BC689574C841}
	EndGlobalSection
EndGlobal
